
Microsoft Visual Studio Solution File, Format Version 12.00
# Visual Studio 2013
VisualStudioVersion = 12.0.21005.1
MinimumVisualStudioVersion = 10.0.40219.1
Project("{FAE04EC0-301F-11D3-BF4B-00C04F79EFBC}") = "CloudMovies.Data", "CloudMovies.Data\CloudMovies.Data.csproj", "{AA95D34C-26A1-4E30-ADEC-35940B12749E}"
EndProject
Project("{FAE04EC0-301F-11D3-BF4B-00C04F79EFBC}") = "CloudMovies.Entities", "CloudMovies.Entities\CloudMovies.Entities.csproj", "{29FECC6B-685F-4AAB-BDBB-97B363660CB9}"
EndProject
Project("{FAE04EC0-301F-11D3-BF4B-00C04F79EFBC}") = "CloudMovies.Services", "CloudMovies.Services\CloudMovies.Services.csproj", "{D1C67C75-2511-4B25-B79D-A81B0B42324B}"
EndProject
Project("{FAE04EC0-301F-11D3-BF4B-00C04F79EFBC}") = "CloudMovies.Web", "CloudMovies.Web\CloudMovies.Web.csproj", "{45BFF2D3-1A51-4BFD-8A5E-AA62C0B8829B}"
EndProject
Global
	GlobalSection(SolutionConfigurationPlatforms) = preSolution
		Debug|Any CPU = Debug|Any CPU
		Release|Any CPU = Release|Any CPU
	EndGlobalSection
	GlobalSection(ProjectConfigurationPlatforms) = postSolution
		{AA95D34C-26A1-4E30-ADEC-35940B12749E}.Debug|Any CPU.ActiveCfg = Debug|Any CPU
		{AA95D34C-26A1-4E30-ADEC-35940B12749E}.Debug|Any CPU.Build.0 = Debug|Any CPU
		{AA95D34C-26A1-4E30-ADEC-35940B12749E}.Release|Any CPU.ActiveCfg = Release|Any CPU
		{AA95D34C-26A1-4E30-ADEC-35940B12749E}.Release|Any CPU.Build.0 = Release|Any CPU
		{29FECC6B-685F-4AAB-BDBB-97B363660CB9}.Debug|Any CPU.ActiveCfg = Debug|Any CPU
		{29FECC6B-685F-4AAB-BDBB-97B363660CB9}.Debug|Any CPU.Build.0 = Debug|Any CPU
		{29FECC6B-685F-4AAB-BDBB-97B363660CB9}.Release|Any CPU.ActiveCfg = Release|Any CPU
		{29FECC6B-685F-4AAB-BDBB-97B363660CB9}.Release|Any CPU.Build.0 = Release|Any CPU
		{D1C67C75-2511-4B25-B79D-A81B0B42324B}.Debug|Any CPU.ActiveCfg = Debug|Any CPU
		{D1C67C75-2511-4B25-B79D-A81B0B42324B}.Debug|Any CPU.Build.0 = Debug|Any CPU
		{D1C67C75-2511-4B25-B79D-A81B0B42324B}.Release|Any CPU.ActiveCfg = Release|Any CPU
		{D1C67C75-2511-4B25-B79D-A81B0B42324B}.Release|Any CPU.Build.0 = Release|Any CPU
		{45BFF2D3-1A51-4BFD-8A5E-AA62C0B8829B}.Debug|Any CPU.ActiveCfg = Debug|Any CPU
		{45BFF2D3-1A51-4BFD-8A5E-AA62C0B8829B}.Debug|Any CPU.Build.0 = Debug|Any CPU
		{45BFF2D3-1A51-4BFD-8A5E-AA62C0B8829B}.Release|Any CPU.ActiveCfg = Release|Any CPU
		{45BFF2D3-1A51-4BFD-8A5E-AA62C0B8829B}.Release|Any CPU.Build.0 = Release|Any CPU
	EndGlobalSection
	GlobalSection(SolutionProperties) = preSolution
		HideSolutionNode = FALSE
	EndGlobalSection
EndGlobal
